
Microsoft Visual Studio Solution File, Format Version 12.00
# Visual Studio Version 16
VisualStudioVersion = 16.0.30104.148
MinimumVisualStudioVersion = 10.0.40219.1
Project("{FAE04EC0-301F-11D3-BF4B-00C04F79EFBC}") = "PromotionEngine", "PromotionEngine\PromotionEngine.csproj", "{184B77C2-80F9-40A2-9800-1E0CEC66C1BD}"
EndProject
Project("{FAE04EC0-301F-11D3-BF4B-00C04F79EFBC}") = "PromotionEngineTest", "PromotionEngineTest\PromotionEngineTest.csproj", "{EB289255-296B-4368-A023-C2F8C599A10E}"
EndProject
Global
	GlobalSection(SolutionConfigurationPlatforms) = preSolution
		Debug|Any CPU = Debug|Any CPU
		Release|Any CPU = Release|Any CPU
	EndGlobalSection
	GlobalSection(ProjectConfigurationPlatforms) = postSolution
		{184B77C2-80F9-40A2-9800-1E0CEC66C1BD}.Debug|Any CPU.ActiveCfg = Debug|Any CPU
		{184B77C2-80F9-40A2-9800-1E0CEC66C1BD}.Debug|Any CPU.Build.0 = Debug|Any CPU
		{184B77C2-80F9-40A2-9800-1E0CEC66C1BD}.Release|Any CPU.ActiveCfg = Release|Any CPU
		{184B77C2-80F9-40A2-9800-1E0CEC66C1BD}.Release|Any CPU.Build.0 = Release|Any CPU
		{EB289255-296B-4368-A023-C2F8C599A10E}.Debug|Any CPU.ActiveCfg = Debug|Any CPU
		{EB289255-296B-4368-A023-C2F8C599A10E}.Debug|Any CPU.Build.0 = Debug|Any CPU
		{EB289255-296B-4368-A023-C2F8C599A10E}.Release|Any CPU.ActiveCfg = Release|Any CPU
		{EB289255-296B-4368-A023-C2F8C599A10E}.Release|Any CPU.Build.0 = Release|Any CPU
	EndGlobalSection
	GlobalSection(SolutionProperties) = preSolution
		HideSolutionNode = FALSE
	EndGlobalSection
	GlobalSection(ExtensibilityGlobals) = postSolution
		SolutionGuid = {634D3C0F-442E-4A94-A93C-DA1446B4A463}
	EndGlobalSection
EndGlobal
